
Microsoft Visual Studio Solution File, Format Version 12.00
# Visual Studio Version 17
VisualStudioVersion = 17.0.31903.59
MinimumVisualStudioVersion = 10.0.40219.1
Project("{FAE04EC0-301F-11D3-BF4B-00C04F79EFBC}") = "Entities", "Entities\Entities.csproj", "{4B96A9B7-6F24-4D7E-83A4-F2C3FC929BC3}"
EndProject
Project("{FAE04EC0-301F-11D3-BF4B-00C04F79EFBC}") = "Core", "Core\Core.csproj", "{8893F9B0-EB1A-4432-9D97-BA24424E148C}"
EndProject
Project("{FAE04EC0-301F-11D3-BF4B-00C04F79EFBC}") = "Infrastructure", "Infrastructure\Infrastructure.csproj", "{7B1BEDCB-39B3-42EA-A499-12BCC0234A38}"
EndProject
Project("{FAE04EC0-301F-11D3-BF4B-00C04F79EFBC}") = "Application", "Application\Application.csproj", "{B5007D71-FC3D-4639-8221-F0706A48EB37}"
EndProject
Project("{FAE04EC0-301F-11D3-BF4B-00C04F79EFBC}") = "Presentation", "Presentation\Presentation.csproj", "{B892D75A-5994-4567-A71A-AE3E19C1FBCD}"
EndProject
Global
	GlobalSection(SolutionConfigurationPlatforms) = preSolution
		Debug|Any CPU = Debug|Any CPU
		Release|Any CPU = Release|Any CPU
	EndGlobalSection
	GlobalSection(SolutionProperties) = preSolution
		HideSolutionNode = FALSE
	EndGlobalSection
	GlobalSection(ProjectConfigurationPlatforms) = postSolution
		{4B96A9B7-6F24-4D7E-83A4-F2C3FC929BC3}.Debug|Any CPU.ActiveCfg = Debug|Any CPU
		{4B96A9B7-6F24-4D7E-83A4-F2C3FC929BC3}.Debug|Any CPU.Build.0 = Debug|Any CPU
		{4B96A9B7-6F24-4D7E-83A4-F2C3FC929BC3}.Release|Any CPU.ActiveCfg = Release|Any CPU
		{4B96A9B7-6F24-4D7E-83A4-F2C3FC929BC3}.Release|Any CPU.Build.0 = Release|Any CPU
		{8893F9B0-EB1A-4432-9D97-BA24424E148C}.Debug|Any CPU.ActiveCfg = Debug|Any CPU
		{8893F9B0-EB1A-4432-9D97-BA24424E148C}.Debug|Any CPU.Build.0 = Debug|Any CPU
		{8893F9B0-EB1A-4432-9D97-BA24424E148C}.Release|Any CPU.ActiveCfg = Release|Any CPU
		{8893F9B0-EB1A-4432-9D97-BA24424E148C}.Release|Any CPU.Build.0 = Release|Any CPU
		{7B1BEDCB-39B3-42EA-A499-12BCC0234A38}.Debug|Any CPU.ActiveCfg = Debug|Any CPU
		{7B1BEDCB-39B3-42EA-A499-12BCC0234A38}.Debug|Any CPU.Build.0 = Debug|Any CPU
		{7B1BEDCB-39B3-42EA-A499-12BCC0234A38}.Release|Any CPU.ActiveCfg = Release|Any CPU
		{7B1BEDCB-39B3-42EA-A499-12BCC0234A38}.Release|Any CPU.Build.0 = Release|Any CPU
		{B5007D71-FC3D-4639-8221-F0706A48EB37}.Debug|Any CPU.ActiveCfg = Debug|Any CPU
		{B5007D71-FC3D-4639-8221-F0706A48EB37}.Debug|Any CPU.Build.0 = Debug|Any CPU
		{B5007D71-FC3D-4639-8221-F0706A48EB37}.Release|Any CPU.ActiveCfg = Release|Any CPU
		{B5007D71-FC3D-4639-8221-F0706A48EB37}.Release|Any CPU.Build.0 = Release|Any CPU
		{B892D75A-5994-4567-A71A-AE3E19C1FBCD}.Debug|Any CPU.ActiveCfg = Debug|Any CPU
		{B892D75A-5994-4567-A71A-AE3E19C1FBCD}.Debug|Any CPU.Build.0 = Debug|Any CPU
		{B892D75A-5994-4567-A71A-AE3E19C1FBCD}.Release|Any CPU.ActiveCfg = Release|Any CPU
		{B892D75A-5994-4567-A71A-AE3E19C1FBCD}.Release|Any CPU.Build.0 = Release|Any CPU
	EndGlobalSection
EndGlobal
